
Microsoft Visual Studio Solution File, Format Version 12.00
# Visual Studio Version 16
VisualStudioVersion = 16.0.29201.188
MinimumVisualStudioVersion = 10.0.40219.1
Project("{FAE04EC0-301F-11D3-BF4B-00C04F79EFBC}") = "QLBanSach", "QLBanSach\QLBanSach.csproj", "{187C1D26-6873-4730-86B6-B8FA23E98E89}"
EndProject
Global
	GlobalSection(SolutionConfigurationPlatforms) = preSolution
		Debug|Any CPU = Debug|Any CPU
		Release|Any CPU = Release|Any CPU
	EndGlobalSection
	GlobalSection(ProjectConfigurationPlatforms) = postSolution
		{187C1D26-6873-4730-86B6-B8FA23E98E89}.Debug|Any CPU.ActiveCfg = Debug|Any CPU
		{187C1D26-6873-4730-86B6-B8FA23E98E89}.Debug|Any CPU.Build.0 = Debug|Any CPU
		{187C1D26-6873-4730-86B6-B8FA23E98E89}.Release|Any CPU.ActiveCfg = Release|Any CPU
		{187C1D26-6873-4730-86B6-B8FA23E98E89}.Release|Any CPU.Build.0 = Release|Any CPU
	EndGlobalSection
	GlobalSection(SolutionProperties) = preSolution
		HideSolutionNode = FALSE
	EndGlobalSection
	GlobalSection(ExtensibilityGlobals) = postSolution
		SolutionGuid = {2996E022-F2A0-44C2-989A-7C6A779582D9}
	EndGlobalSection
EndGlobal
